
Microsoft Visual Studio Solution File, Format Version 12.00
# Visual Studio Version 17
VisualStudioVersion = 17.10.34707.107
MinimumVisualStudioVersion = 10.0.40219.1
Project("{FAE04EC0-301F-11D3-BF4B-00C04F79EFBC}") = "ConJob.API", "ConJob.API\ConJob.API.csproj", "{6A122E66-0630-409A-B9ED-467D8FE9806C}"
EndProject
Global
	GlobalSection(SolutionConfigurationPlatforms) = preSolution
		Debug|Any CPU = Debug|Any CPU
		Release|Any CPU = Release|Any CPU
	EndGlobalSection
	GlobalSection(ProjectConfigurationPlatforms) = postSolution
		{6A122E66-0630-409A-B9ED-467D8FE9806C}.Debug|Any CPU.ActiveCfg = Debug|Any CPU
		{6A122E66-0630-409A-B9ED-467D8FE9806C}.Debug|Any CPU.Build.0 = Debug|Any CPU
		{6A122E66-0630-409A-B9ED-467D8FE9806C}.Release|Any CPU.ActiveCfg = Release|Any CPU
		{6A122E66-0630-409A-B9ED-467D8FE9806C}.Release|Any CPU.Build.0 = Release|Any CPU
	EndGlobalSection
	GlobalSection(SolutionProperties) = preSolution
		HideSolutionNode = FALSE
	EndGlobalSection
	GlobalSection(ExtensibilityGlobals) = postSolution
		SolutionGuid = {44C3CCEE-EB62-4EA8-A76D-8E7B674A1BEE}
	EndGlobalSection
EndGlobal
